
Microsoft Visual Studio Solution File, Format Version 12.00
# Visual Studio Version 16
VisualStudioVersion = 16.0.29209.62
MinimumVisualStudioVersion = 10.0.40219.1
Project("{9A19103F-16F7-4668-BE54-9A1E7A4F7556}") = "BohemianRhapsody", "BohemianRhapsody\BohemianRhapsody.csproj", "{917B76E9-31EB-442D-82DC-F14C711C0616}"
EndProject
Project("{FAE04EC0-301F-11D3-BF4B-00C04F79EFBC}") = "LogicTests", "LogicTests\LogicTests.csproj", "{9EFB1B49-844F-4896-B915-09E8E20308B6}"
EndProject
Global
	GlobalSection(SolutionConfigurationPlatforms) = preSolution
		Debug|Any CPU = Debug|Any CPU
		Release|Any CPU = Release|Any CPU
	EndGlobalSection
	GlobalSection(ProjectConfigurationPlatforms) = postSolution
		{917B76E9-31EB-442D-82DC-F14C711C0616}.Debug|Any CPU.ActiveCfg = Debug|Any CPU
		{917B76E9-31EB-442D-82DC-F14C711C0616}.Debug|Any CPU.Build.0 = Debug|Any CPU
		{917B76E9-31EB-442D-82DC-F14C711C0616}.Release|Any CPU.ActiveCfg = Release|Any CPU
		{917B76E9-31EB-442D-82DC-F14C711C0616}.Release|Any CPU.Build.0 = Release|Any CPU
		{9EFB1B49-844F-4896-B915-09E8E20308B6}.Debug|Any CPU.ActiveCfg = Debug|Any CPU
		{9EFB1B49-844F-4896-B915-09E8E20308B6}.Debug|Any CPU.Build.0 = Debug|Any CPU
		{9EFB1B49-844F-4896-B915-09E8E20308B6}.Release|Any CPU.ActiveCfg = Release|Any CPU
		{9EFB1B49-844F-4896-B915-09E8E20308B6}.Release|Any CPU.Build.0 = Release|Any CPU
	EndGlobalSection
	GlobalSection(SolutionProperties) = preSolution
		HideSolutionNode = FALSE
	EndGlobalSection
	GlobalSection(ExtensibilityGlobals) = postSolution
		SolutionGuid = {8AC450D1-07DC-412B-856A-A146C37313E0}
	EndGlobalSection
EndGlobal
